// !$*UTF8*$!
{
	archiveVersion = 1;
	classes = {
	};
	objectVersion = 48;
	objects = {

/* Begin PBXBuildFile section */
		B0898738205A7BFA00BFA84B /* AppDelegate.m in Sources */ = {isa = PBXBuildFile; fileRef = B0898737205A7BFA00BFA84B /* AppDelegate.m */; };
		B089873B205A7BFA00BFA84B /* ViewController.m in Sources */ = {isa = PBXBuildFile; fileRef = B089873A205A7BFA00BFA84B /* ViewController.m */; };
		B089873E205A7BFA00BFA84B /* Main.storyboard in Resources */ = {isa = PBXBuildFile; fileRef = B089873C205A7BFA00BFA84B /* Main.storyboard */; };
		B0898740205A7BFA00BFA84B /* Assets.xcassets in Resources */ = {isa = PBXBuildFile; fileRef = B089873F205A7BFA00BFA84B /* Assets.xcassets */; };
		B0898743205A7BFA00BFA84B /* LaunchScreen.storyboard in Resources */ = {isa = PBXBuildFile; fileRef = B0898741205A7BFA00BFA84B /* LaunchScreen.storyboard */; };
		B0898746205A7BFA00BFA84B /* main.m in Sources */ = {isa = PBXBuildFile; fileRef = B0898745205A7BFA00BFA84B /* main.m */; };
		B0898751205A7CA300BFA84B /* CustomView.m in Sources */ = {isa = PBXBuildFile; fileRef = B0898750205A7CA300BFA84B /* CustomView.m */; };
		B0898756205A7D4200BFA84B /* shaderf.fsh in Resources */ = {isa = PBXBuildFile; fileRef = B0898754205A7D4200BFA84B /* shaderf.fsh */; };
		B0898757205A7D4200BFA84B /* shaderv.vsh in Resources */ = {isa = PBXBuildFile; fileRef = B0898755205A7D4200BFA84B /* shaderv.vsh */; };
/* End PBXBuildFile section */

/* Begin PBXFileReference section */
		B0898733205A7BFA00BFA84B /* GLSL.app */ = {isa = PBXFileReference; explicitFileType = wrapper.application; includeInIndex = 0; path = GLSL.app; sourceTree = BUILT_PRODUCTS_DIR; };
		B0898736205A7BFA00BFA84B /* AppDelegate.h */ = {isa = PBXFileReference; lastKnownFileType = sourcecode.c.h; path = AppDelegate.h; sourceTree = "<group>"; };
		B0898737205A7BFA00BFA84B /* AppDelegate.m */ = {isa = PBXFileReference; lastKnownFileType = sourcecode.c.objc; path = AppDelegate.m; sourceTree = "<group>"; };
		B0898739205A7BFA00BFA84B /* ViewController.h */ = {isa = PBXFileReference; lastKnownFileType = sourcecode.c.h; path = ViewController.h; sourceTree = "<group>"; };
		B089873A205A7BFA00BFA84B /* ViewController.m */ = {isa = PBXFileReference; lastKnownFileType = sourcecode.c.objc; path = ViewController.m; sourceTree = "<group>"; };
		B089873D205A7BFA00BFA84B /* Base */ = {isa = PBXFileReference; lastKnownFileType = file.storyboard; name = Base; path = Base.lproj/Main.storyboard; sourceTree = "<group>"; };
		B089873F205A7BFA00BFA84B /* Assets.xcassets */ = {isa = PBXFileReference; lastKnownFileType = folder.assetcatalog; path = Assets.xcassets; sourceTree = "<group>"; };
		B0898742205A7BFA00BFA84B /* Base */ = {isa = PBXFileReference; lastKnownFileType = file.storyboard; name = Base; path = Base.lproj/LaunchScreen.storyboard; sourceTree = "<group>"; };
		B0898744205A7BFA00BFA84B /* Info.plist */ = {isa = PBXFileReference; lastKnownFileType = text.plist.xml; path = Info.plist; sourceTree = "<group>"; };
		B0898745205A7BFA00BFA84B /* main.m */ = {isa = PBXFileReference; lastKnownFileType = sourcecode.c.objc; path = main.m; sourceTree = "<group>"; };
		B089874F205A7CA300BFA84B /* CustomView.h */ = {isa = PBXFileReference; lastKnownFileType = sourcecode.c.h; path = CustomView.h; sourceTree = "<group>"; };
		B0898750205A7CA300BFA84B /* CustomView.m */ = {isa = PBXFileReference; lastKnownFileType = sourcecode.c.objc; path = CustomView.m; sourceTree = "<group>"; };
		B0898754205A7D4200BFA84B /* shaderf.fsh */ = {isa = PBXFileReference; fileEncoding = 4; lastKnownFileType = sourcecode.glsl; path = shaderf.fsh; sourceTree = "<group>"; };
		B0898755205A7D4200BFA84B /* shaderv.vsh */ = {isa = PBXFileReference; fileEncoding = 4; lastKnownFileType = sourcecode.glsl; path = shaderv.vsh; sourceTree = "<group>"; };
/* End PBXFileReference section */

/* Begin PBXFrameworksBuildPhase section */
		B0898730205A7BFA00BFA84B /* Frameworks */ = {
			isa = PBXFrameworksBuildPhase;
			buildActionMask = 2147483647;
			files = (
			);
			runOnlyForDeploymentPostprocessing = 0;
		};
/* End PBXFrameworksBuildPhase section */

/* Begin PBXGroup section */
		B089872A205A7BFA00BFA84B = {
			isa = PBXGroup;
			children = (
				B0898735205A7BFA00BFA84B /* GLSL */,
				B0898734205A7BFA00BFA84B /* Products */,
			);
			sourceTree = "<group>";
		};
		B0898734205A7BFA00BFA84B /* Products */ = {
			isa = PBXGroup;
			children = (
				B0898733205A7BFA00BFA84B /* GLSL.app */,
			);
			name = Products;
			sourceTree = "<group>";
		};
		B0898735205A7BFA00BFA84B /* GLSL */ = {
			isa = PBXGroup;
			children = (
				B0898736205A7BFA00BFA84B /* AppDelegate.h */,
				B0898737205A7BFA00BFA84B /* AppDelegate.m */,
				B0898739205A7BFA00BFA84B /* ViewController.h */,
				B089873A205A7BFA00BFA84B /* ViewController.m */,
				B089874F205A7CA300BFA84B /* CustomView.h */,
				B0898750205A7CA300BFA84B /* CustomView.m */,
				B0898754205A7D4200BFA84B /* shaderf.fsh */,
				B0898755205A7D4200BFA84B /* shaderv.vsh */,
				B089873C205A7BFA00BFA84B /* Main.storyboard */,
				B089873F205A7BFA00BFA84B /* Assets.xcassets */,
				B0898741205A7BFA00BFA84B /* LaunchScreen.storyboard */,
				B0898744205A7BFA00BFA84B /* Info.plist */,
				B0898745205A7BFA00BFA84B /* main.m */,
			);
			path = GLSL;
			sourceTree = "<group>";
		};
/* End PBXGroup section */

/* Begin PBXNativeTarget section */
		B0898732205A7BFA00BFA84B /* GLSL */ = {
			isa = PBXNativeTarget;
			buildConfigurationList = B0898749205A7BFA00BFA84B /* Build configuration list for PBXNativeTarget "GLSL" */;
			buildPhases = (
				B089872F205A7BFA00BFA84B /* Sources */,
				B0898730205A7BFA00BFA84B /* Frameworks */,
				B0898731205A7BFA00BFA84B /* Resources */,
			);
			buildRules = (
			);
			dependencies = (
			);
			name = GLSL;
			productName = GLSL;
			productReference = B0898733205A7BFA00BFA84B /* GLSL.app */;
			productType = "com.apple.product-type.application";
		};
/* End PBXNativeTarget section */

/* Begin PBXProject section */
		B089872B205A7BFA00BFA84B /* Project object */ = {
			isa = PBXProject;
			attributes = {
				LastUpgradeCheck = 0920;
				ORGANIZATIONNAME = caolongjian;
				TargetAttributes = {
					B0898732205A7BFA00BFA84B = {
						CreatedOnToolsVersion = 9.2;
						ProvisioningStyle = Automatic;
					};
				};
			};
			buildConfigurationList = B089872E205A7BFA00BFA84B /* Build configuration list for PBXProject "GLSL" */;
			compatibilityVersion = "Xcode 8.0";
			developmentRegion = en;
			hasScannedForEncodings = 0;
			knownRegions = (
				en,
				Base,
			);
			mainGroup = B089872A205A7BFA00BFA84B;
			productRefGroup = B0898734205A7BFA00BFA84B /* Products */;
			projectDirPath = "";
			projectRoot = "";
			targets = (
				B0898732205A7BFA00BFA84B /* GLSL */,
			);
		};
/* End PBXProject section */

/* Begin PBXResourcesBuildPhase section */
		B0898731205A7BFA00BFA84B /* Resources */ = {
			isa = PBXResourcesBuildPhase;
			buildActionMask = 2147483647;
			files = (
				B0898757205A7D4200BFA84B /* shaderv.vsh in Resources */,
				B0898743205A7BFA00BFA84B /* LaunchScreen.storyboard in Resources */,
				B0898740205A7BFA00BFA84B /* Assets.xcassets in Resources */,
				B089873E205A7BFA00BFA84B /* Main.storyboard in Resources */,
				B0898756205A7D4200BFA84B /* shaderf.fsh in Resources */,
			);
			runOnlyForDeploymentPostprocessing = 0;
		};
/* End PBXResourcesBuildPhase section */

/* Begin PBXSourcesBuildPhase section */
		B089872F205A7BFA00BFA84B /* Sources */ = {
			isa = PBXSourcesBuildPhase;
			buildActionMask = 2147483647;
			files = (
				B089873B205A7BFA00BFA84B /* ViewController.m in Sources */,
				B0898751205A7CA300BFA84B /* CustomView.m in Sources */,
				B0898746205A7BFA00BFA84B /* main.m in Sources */,
				B0898738205A7BFA00BFA84B /* AppDelegate.m in Sources */,
			);
			runOnlyForDeploymentPostprocessing = 0;
		};
/* End PBXSourcesBuildPhase section */

/* Begin PBXVariantGroup section */
		B089873C205A7BFA00BFA84B /* Main.storyboard */ = {
			isa = PBXVariantGroup;
			children = (
				B089873D205A7BFA00BFA84B /* Base */,
			);
			name = Main.storyboard;
			sourceTree = "<group>";
		};
		B0898741205A7BFA00BFA84B /* LaunchScreen.storyboard */ = {
			isa = PBXVariantGroup;
			children = (
				B0898742205A7BFA00BFA84B /* Base */,
			);
			name = LaunchScreen.storyboard;
			sourceTree = "<group>";
		};
/* End PBXVariantGroup section */

/* Begin XCBuildConfiguration section */
		B0898747205A7BFA00BFA84B /* Debug */ = {
			isa = XCBuildConfiguration;
			buildSettings = {
				ALWAYS_SEARCH_USER_PATHS = NO;
				CLANG_ANALYZER_NONNULL = YES;
				CLANG_ANALYZER_NUMBER_OBJECT_CONVERSION = YES_AGGRESSIVE;
				CLANG_CXX_LANGUAGE_STANDARD = "gnu++14";
				CLANG_CXX_LIBRARY = "libc++";
				CLANG_ENABLE_MODULES = YES;
				CLANG_ENABLE_OBJC_ARC = YES;
				CLANG_WARN_BLOCK_CAPTURE_AUTORELEASING = YES;
				CLANG_WARN_BOOL_CONVERSION = YES;
				CLANG_WARN_COMMA = YES;
				CLANG_WARN_CONSTANT_CONVERSION = YES;
				CLANG_WARN_DIRECT_OBJC_ISA_USAGE = YES_ERROR;
				CLANG_WARN_DOCUMENTATION_COMMENTS = YES;
				CLANG_WARN_EMPTY_BODY = YES;
				CLANG_WARN_ENUM_CONVERSION = YES;
				CLANG_WARN_INFINITE_RECURSION = YES;
				CLANG_WARN_INT_CONVERSION = YES;
				CLANG_WARN_NON_LITERAL_NULL_CONVERSION = YES;
				CLANG_WARN_OBJC_LITERAL_CONVERSION = YES;
				CLANG_WARN_OBJC_ROOT_CLASS = YES_ERROR;
				CLANG_WARN_RANGE_LOOP_ANALYSIS = YES;
				CLANG_WARN_STRICT_PROTOTYPES = YES;
				CLANG_WARN_SUSPICIOUS_MOVE = YES;
				CLANG_WARN_UNGUARDED_AVAILABILITY = YES_AGGRESSIVE;
				CLANG_WARN_UNREACHABLE_CODE = YES;
				CLANG_WARN__DUPLICATE_METHOD_MATCH = YES;
				CODE_SIGN_IDENTITY = "iPhone Developer";
				COPY_PHASE_STRIP = NO;
				DEBUG_INFORMATION_FORMAT = dwarf;
				ENABLE_STRICT_OBJC_MSGSEND = YES;
				ENABLE_TESTABILITY = YES;
				GCC_C_LANGUAGE_STANDARD = gnu11;
				GCC_DYNAMIC_NO_PIC = NO;
				GCC_NO_COMMON_BLOCKS = YES;
				GCC_OPTIMIZATION_LEVEL = 0;
				GCC_PREPROCESSOR_DEFINITIONS = (
					"DEBUG=1",
					"$(inherited)",
				);
				GCC_WARN_64_TO_32_BIT_CONVERSION = YES;
				GCC_WARN_ABOUT_RETURN_TYPE = YES_ERROR;
				GCC_WARN_UNDECLARED_SELECTOR = YES;
				GCC_WARN_UNINITIALIZED_AUTOS = YES_AGGRESSIVE;
				GCC_WARN_UNUSED_FUNCTION = YES;
				GCC_WARN_UNUSED_VARIABLE = YES;
				IPHONEOS_DEPLOYMENT_TARGET = 11.2;
				MTL_ENABLE_DEBUG_INFO = YES;
				ONLY_ACTIVE_ARCH = YES;
				SDKROOT = iphoneos;
			};
			name = Debug;
		};
		B0898748205A7BFA00BFA84B /* Release */ = {
			isa = XCBuildConfiguration;
			buildSettings = {
				ALWAYS_SEARCH_USER_PATHS = NO;
				CLANG_ANALYZER_NONNULL = YES;
				CLANG_ANALYZER_NUMBER_OBJECT_CONVERSION = YES_AGGRESSIVE;
				CLANG_CXX_LANGUAGE_STANDARD = "gnu++14";
				CLANG_CXX_LIBRARY = "libc++";
				CLANG_ENABLE_MODULES = YES;
				CLANG_ENABLE_OBJC_ARC = YES;
				CLANG_WARN_BLOCK_CAPTURE_AUTORELEASING = YES;
				CLANG_WARN_BOOL_CONVERSION = YES;
				CLANG_WARN_COMMA = YES;
				CLANG_WARN_CONSTANT_CONVERSION = YES;
				CLANG_WARN_DIRECT_OBJC_ISA_USAGE = YES_ERROR;
				CLANG_WARN_DOCUMENTATION_COMMENTS = YES;
				CLANG_WARN_EMPTY_BODY = YES;
				CLANG_WARN_ENUM_CONVERSION = YES;
				CLANG_WARN_INFINITE_RECURSION = YES;
				CLANG_WARN_INT_CONVERSION = YES;
				CLANG_WARN_NON_LITERAL_NULL_CONVERSION = YES;
				CLANG_WARN_OBJC_LITERAL_CONVERSION = YES;
				CLANG_WARN_OBJC_ROOT_CLASS = YES_ERROR;
				CLANG_WARN_RANGE_LOOP_ANALYSIS = YES;
				CLANG_WARN_STRICT_PROTOTYPES = YES;
				CLANG_WARN_SUSPICIOUS_MOVE = YES;
				CLANG_WARN_UNGUARDED_AVAILABILITY = YES_AGGRESSIVE;
				CLANG_WARN_UNREACHABLE_CODE = YES;
				CLANG_WARN__DUPLICATE_METHOD_MATCH = YES;
				CODE_SIGN_IDENTITY = "iPhone Developer";
				COPY_PHASE_STRIP = NO;
				DEBUG_INFORMATION_FORMAT = "dwarf-with-dsym";
				ENABLE_NS_ASSERTIONS = NO;
				ENABLE_STRICT_OBJC_MSGSEND = YES;
				GCC_C_LANGUAGE_STANDARD = gnu11;
				GCC_NO_COMMON_BLOCKS = YES;
				GCC_WARN_64_TO_32_BIT_CONVERSION = YES;
				GCC_WARN_ABOUT_RETURN_TYPE = YES_ERROR;
				GCC_WARN_UNDECLARED_SELECTOR = YES;
				GCC_WARN_UNINITIALIZED_AUTOS = YES_AGGRESSIVE;
				GCC_WARN_UNUSED_FUNCTION = YES;
				GCC_WARN_UNUSED_VARIABLE = YES;
				IPHONEOS_DEPLOYMENT_TARGET = 11.2;
				MTL_ENABLE_DEBUG_INFO = NO;
				SDKROOT = iphoneos;
				VALIDATE_PRODUCT = YES;
			};
			name = Release;
		};
		B089874A205A7BFA00BFA84B /* Debug */ = {
			isa = XCBuildConfiguration;
			buildSettings = {
				ASSETCATALOG_COMPILER_APPICON_NAME = AppIcon;
				CODE_SIGN_STYLE = Automatic;
				DEVELOPMENT_TEAM = 9S959SBGCQ;
				INFOPLIST_FILE = GLSL/Info.plist;
				LD_RUNPATH_SEARCH_PATHS = "$(inherited) @executable_path/Frameworks";
				PRODUCT_BUNDLE_IDENTIFIER = com.Demo.GLSL;
				PRODUCT_NAME = "$(TARGET_NAME)";
				TARGETED_DEVICE_FAMILY = "1,2";
			};
			name = Debug;
		};
		B089874B205A7BFA00BFA84B /* Release */ = {
			isa = XCBuildConfiguration;
			buildSettings = {
				ASSETCATALOG_COMPILER_APPICON_NAME = AppIcon;
				CODE_SIGN_STYLE = Automatic;
				DEVELOPMENT_TEAM = 9S959SBGCQ;
				INFOPLIST_FILE = GLSL/Info.plist;
				LD_RUNPATH_SEARCH_PATHS = "$(inherited) @executable_path/Frameworks";
				PRODUCT_BUNDLE_IDENTIFIER = com.Demo.GLSL;
				PRODUCT_NAME = "$(TARGET_NAME)";
				TARGETED_DEVICE_FAMILY = "1,2";
			};
			name = Release;
		};
/* End XCBuildConfiguration section */

/* Begin XCConfigurationList section */
		B089872E205A7BFA00BFA84B /* Build configuration list for PBXProject "GLSL" */ = {
			isa = XCConfigurationList;
			buildConfigurations = (
				B0898747205A7BFA00BFA84B /* Debug */,
				B0898748205A7BFA00BFA84B /* Release */,
			);
			defaultConfigurationIsVisible = 0;
			defaultConfigurationName = Release;
		};
		B0898749205A7BFA00BFA84B /* Build configuration list for PBXNativeTarget "GLSL" */ = {
			isa = XCConfigurationList;
			buildConfigurations = (
				B089874A205A7BFA00BFA84B /* Debug */,
				B089874B205A7BFA00BFA84B /* Release */,
			);
			defaultConfigurationIsVisible = 0;
			defaultConfigurationName = Release;
		};
/* End XCConfigurationList section */
	};
	rootObject = B089872B205A7BFA00BFA84B /* Project object */;
}
